// !$*UTF8*$!
{
	archiveVersion = 1;
	classes = {
	};
	objectVersion = 56;
	objects = {

/* Begin PBXBuildFile section */
		9F2EB1E328C9E30000335548 /* MoreView.swift in Sources */ = {isa = PBXBuildFile; fileRef = 9F2EB1E228C9E30000335548 /* MoreView.swift */; };
		9F2EB1E528C9E4C200335548 /* CubeRecipesListView.swift in Sources */ = {isa = PBXBuildFile; fileRef = 9F2EB1E428C9E4C200335548 /* CubeRecipesListView.swift */; };
		9F7B8CC128DC48E90004A2BF /* WidgetKit.framework in Frameworks */ = {isa = PBXBuildFile; fileRef = 9F7B8CC028DC48E90004A2BF /* WidgetKit.framework */; };
		9F7B8CC328DC48E90004A2BF /* SwiftUI.framework in Frameworks */ = {isa = PBXBuildFile; fileRef = 9F7B8CC228DC48E90004A2BF /* SwiftUI.framework */; };
		9F7B8CC628DC48E90004A2BF /* RunewordsWidget.swift in Sources */ = {isa = PBXBuildFile; fileRef = 9F7B8CC528DC48E90004A2BF /* RunewordsWidget.swift */; };
		9F7B8CC828DC48EB0004A2BF /* Assets.xcassets in Resources */ = {isa = PBXBuildFile; fileRef = 9F7B8CC728DC48EB0004A2BF /* Assets.xcassets */; };
		9F7B8CCC28DC48EB0004A2BF /* RunewordsWidgetExtension.appex in Embed Foundation Extensions */ = {isa = PBXBuildFile; fileRef = 9F7B8CBF28DC48E90004A2BF /* RunewordsWidgetExtension.appex */; settings = {ATTRIBUTES = (RemoveHeadersOnCopy, ); }; };
		9F7B8CD228DC4E290004A2BF /* DesignSystem in Frameworks */ = {isa = PBXBuildFile; productRef = 9F7B8CD128DC4E290004A2BF /* DesignSystem */; };
		9F7B8CD428DC4E290004A2BF /* RunesData in Frameworks */ = {isa = PBXBuildFile; productRef = 9F7B8CD328DC4E290004A2BF /* RunesData */; };
		9F7B8CD628DC4E290004A2BF /* Stash in Frameworks */ = {isa = PBXBuildFile; productRef = 9F7B8CD528DC4E290004A2BF /* Stash */; };
		9F968F5C28C8794A0019D9F4 /* RuneRowView.swift in Sources */ = {isa = PBXBuildFile; fileRef = 9F968F5B28C8794A0019D9F4 /* RuneRowView.swift */; };
		9FA71A2C28C71801003DF7E4 /* RunewordsApp.swift in Sources */ = {isa = PBXBuildFile; fileRef = 9FA71A2B28C71801003DF7E4 /* RunewordsApp.swift */; };
		9FA71A3028C71803003DF7E4 /* Assets.xcassets in Resources */ = {isa = PBXBuildFile; fileRef = 9FA71A2F28C71803003DF7E4 /* Assets.xcassets */; };
		9FA71A3328C71803003DF7E4 /* Preview Assets.xcassets in Resources */ = {isa = PBXBuildFile; fileRef = 9FA71A3228C71803003DF7E4 /* Preview Assets.xcassets */; };
		9FA71A3C28C72546003DF7E4 /* RunesData in Frameworks */ = {isa = PBXBuildFile; productRef = 9FA71A3B28C72546003DF7E4 /* RunesData */; };
		9FA71A3F28C73217003DF7E4 /* Stash in Frameworks */ = {isa = PBXBuildFile; productRef = 9FA71A3E28C73217003DF7E4 /* Stash */; };
		9FA71A4128C732B8003DF7E4 /* RunewordsListView.swift in Sources */ = {isa = PBXBuildFile; fileRef = 9FA71A4028C732B8003DF7E4 /* RunewordsListView.swift */; };
		9FA71A4428C73452003DF7E4 /* AppTabView.swift in Sources */ = {isa = PBXBuildFile; fileRef = 9FA71A4328C73452003DF7E4 /* AppTabView.swift */; };
		9FA71A4628C73480003DF7E4 /* StashView.swift in Sources */ = {isa = PBXBuildFile; fileRef = 9FA71A4528C73480003DF7E4 /* StashView.swift */; };
		9FA71A4828C7348F003DF7E4 /* RunesView.swift in Sources */ = {isa = PBXBuildFile; fileRef = 9FA71A4728C7348F003DF7E4 /* RunesView.swift */; };
		9FA71A4E28C73AAD003DF7E4 /* RuneDetailView.swift in Sources */ = {isa = PBXBuildFile; fileRef = 9FA71A4D28C73AAD003DF7E4 /* RuneDetailView.swift */; };
		9FA71A5028C73C13003DF7E4 /* Routeur.swift in Sources */ = {isa = PBXBuildFile; fileRef = 9FA71A4F28C73C13003DF7E4 /* Routeur.swift */; };
		9FA71A5628C73FAB003DF7E4 /* DesignSystem in Frameworks */ = {isa = PBXBuildFile; productRef = 9FA71A5528C73FAB003DF7E4 /* DesignSystem */; };
		9FA71A5828C744C9003DF7E4 /* RunewordRowView.swift in Sources */ = {isa = PBXBuildFile; fileRef = 9FA71A5728C744C9003DF7E4 /* RunewordRowView.swift */; };
		9FA71A5A28C746BF003DF7E4 /* RunewordDetailView.swift in Sources */ = {isa = PBXBuildFile; fileRef = 9FA71A5928C746BF003DF7E4 /* RunewordDetailView.swift */; };
		9FA71A5C28C7539E003DF7E4 /* RunesStackView.swift in Sources */ = {isa = PBXBuildFile; fileRef = 9FA71A5B28C7539E003DF7E4 /* RunesStackView.swift */; };
/* End PBXBuildFile section */

/* Begin PBXContainerItemProxy section */
		9F7B8CCA28DC48EB0004A2BF /* PBXContainerItemProxy */ = {
			isa = PBXContainerItemProxy;
			containerPortal = 9FA71A2028C71801003DF7E4 /* Project object */;
			proxyType = 1;
			remoteGlobalIDString = 9F7B8CBE28DC48E90004A2BF;
			remoteInfo = RunewordsWidgetExtension;
		};
/* End PBXContainerItemProxy section */

/* Begin PBXCopyFilesBuildPhase section */
		9F7B8CCD28DC48EB0004A2BF /* Embed Foundation Extensions */ = {
			isa = PBXCopyFilesBuildPhase;
			buildActionMask = 2147483647;
			dstPath = "";
			dstSubfolderSpec = 13;
			files = (
				9F7B8CCC28DC48EB0004A2BF /* RunewordsWidgetExtension.appex in Embed Foundation Extensions */,
			);
			name = "Embed Foundation Extensions";
			runOnlyForDeploymentPostprocessing = 0;
		};
/* End PBXCopyFilesBuildPhase section */

/* Begin PBXFileReference section */
		9F2EB1E228C9E30000335548 /* MoreView.swift */ = {isa = PBXFileReference; lastKnownFileType = sourcecode.swift; path = MoreView.swift; sourceTree = "<group>"; };
		9F2EB1E428C9E4C200335548 /* CubeRecipesListView.swift */ = {isa = PBXFileReference; lastKnownFileType = sourcecode.swift; path = CubeRecipesListView.swift; sourceTree = "<group>"; };
		9F7B8CBF28DC48E90004A2BF /* RunewordsWidgetExtension.appex */ = {isa = PBXFileReference; explicitFileType = "wrapper.app-extension"; includeInIndex = 0; path = RunewordsWidgetExtension.appex; sourceTree = BUILT_PRODUCTS_DIR; };
		9F7B8CC028DC48E90004A2BF /* WidgetKit.framework */ = {isa = PBXFileReference; lastKnownFileType = wrapper.framework; name = WidgetKit.framework; path = System/Library/Frameworks/WidgetKit.framework; sourceTree = SDKROOT; };
		9F7B8CC228DC48E90004A2BF /* SwiftUI.framework */ = {isa = PBXFileReference; lastKnownFileType = wrapper.framework; name = SwiftUI.framework; path = System/Library/Frameworks/SwiftUI.framework; sourceTree = SDKROOT; };
		9F7B8CC528DC48E90004A2BF /* RunewordsWidget.swift */ = {isa = PBXFileReference; lastKnownFileType = sourcecode.swift; path = RunewordsWidget.swift; sourceTree = "<group>"; };
		9F7B8CC728DC48EB0004A2BF /* Assets.xcassets */ = {isa = PBXFileReference; lastKnownFileType = folder.assetcatalog; path = Assets.xcassets; sourceTree = "<group>"; };
		9F7B8CC928DC48EB0004A2BF /* Info.plist */ = {isa = PBXFileReference; lastKnownFileType = text.plist.xml; path = Info.plist; sourceTree = "<group>"; };
		9F968F5B28C8794A0019D9F4 /* RuneRowView.swift */ = {isa = PBXFileReference; lastKnownFileType = sourcecode.swift; path = RuneRowView.swift; sourceTree = "<group>"; };
		9FA71A2828C71801003DF7E4 /* RunewordsApp.app */ = {isa = PBXFileReference; explicitFileType = wrapper.application; includeInIndex = 0; path = RunewordsApp.app; sourceTree = BUILT_PRODUCTS_DIR; };
		9FA71A2B28C71801003DF7E4 /* RunewordsApp.swift */ = {isa = PBXFileReference; lastKnownFileType = sourcecode.swift; path = RunewordsApp.swift; sourceTree = "<group>"; };
		9FA71A2F28C71803003DF7E4 /* Assets.xcassets */ = {isa = PBXFileReference; lastKnownFileType = folder.assetcatalog; path = Assets.xcassets; sourceTree = "<group>"; };
		9FA71A3228C71803003DF7E4 /* Preview Assets.xcassets */ = {isa = PBXFileReference; lastKnownFileType = folder.assetcatalog; path = "Preview Assets.xcassets"; sourceTree = "<group>"; };
		9FA71A3928C71E6E003DF7E4 /* RunesData */ = {isa = PBXFileReference; lastKnownFileType = wrapper; name = RunesData; path = Packages/RunesData; sourceTree = "<group>"; };
		9FA71A3D28C7319A003DF7E4 /* Stash */ = {isa = PBXFileReference; lastKnownFileType = wrapper; name = Stash; path = Packages/Stash; sourceTree = "<group>"; };
		9FA71A4028C732B8003DF7E4 /* RunewordsListView.swift */ = {isa = PBXFileReference; lastKnownFileType = sourcecode.swift; path = RunewordsListView.swift; sourceTree = "<group>"; };
		9FA71A4328C73452003DF7E4 /* AppTabView.swift */ = {isa = PBXFileReference; lastKnownFileType = sourcecode.swift; path = AppTabView.swift; sourceTree = "<group>"; };
		9FA71A4528C73480003DF7E4 /* StashView.swift */ = {isa = PBXFileReference; lastKnownFileType = sourcecode.swift; path = StashView.swift; sourceTree = "<group>"; };
		9FA71A4728C7348F003DF7E4 /* RunesView.swift */ = {isa = PBXFileReference; lastKnownFileType = sourcecode.swift; path = RunesView.swift; sourceTree = "<group>"; };
		9FA71A4D28C73AAD003DF7E4 /* RuneDetailView.swift */ = {isa = PBXFileReference; lastKnownFileType = sourcecode.swift; path = RuneDetailView.swift; sourceTree = "<group>"; };
		9FA71A4F28C73C13003DF7E4 /* Routeur.swift */ = {isa = PBXFileReference; lastKnownFileType = sourcecode.swift; path = Routeur.swift; sourceTree = "<group>"; };
		9FA71A5328C73D96003DF7E4 /* Info.plist */ = {isa = PBXFileReference; lastKnownFileType = text.plist; path = Info.plist; sourceTree = "<group>"; };
		9FA71A5428C73E09003DF7E4 /* DesignSystem */ = {isa = PBXFileReference; lastKnownFileType = wrapper; name = DesignSystem; path = Packages/DesignSystem; sourceTree = "<group>"; };
		9FA71A5728C744C9003DF7E4 /* RunewordRowView.swift */ = {isa = PBXFileReference; lastKnownFileType = sourcecode.swift; path = RunewordRowView.swift; sourceTree = "<group>"; };
		9FA71A5928C746BF003DF7E4 /* RunewordDetailView.swift */ = {isa = PBXFileReference; lastKnownFileType = sourcecode.swift; path = RunewordDetailView.swift; sourceTree = "<group>"; };
		9FA71A5B28C7539E003DF7E4 /* RunesStackView.swift */ = {isa = PBXFileReference; lastKnownFileType = sourcecode.swift; path = RunesStackView.swift; sourceTree = "<group>"; };
/* End PBXFileReference section */

/* Begin PBXFrameworksBuildPhase section */
		9F7B8CBC28DC48E90004A2BF /* Frameworks */ = {
			isa = PBXFrameworksBuildPhase;
			buildActionMask = 2147483647;
			files = (
				9F7B8CD428DC4E290004A2BF /* RunesData in Frameworks */,
				9F7B8CD228DC4E290004A2BF /* DesignSystem in Frameworks */,
				9F7B8CC328DC48E90004A2BF /* SwiftUI.framework in Frameworks */,
				9F7B8CC128DC48E90004A2BF /* WidgetKit.framework in Frameworks */,
				9F7B8CD628DC4E290004A2BF /* Stash in Frameworks */,
			);
			runOnlyForDeploymentPostprocessing = 0;
		};
		9FA71A2528C71801003DF7E4 /* Frameworks */ = {
			isa = PBXFrameworksBuildPhase;
			buildActionMask = 2147483647;
			files = (
				9FA71A5628C73FAB003DF7E4 /* DesignSystem in Frameworks */,
				9FA71A3F28C73217003DF7E4 /* Stash in Frameworks */,
				9FA71A3C28C72546003DF7E4 /* RunesData in Frameworks */,
			);
			runOnlyForDeploymentPostprocessing = 0;
		};
/* End PBXFrameworksBuildPhase section */

/* Begin PBXGroup section */
		9F2EB1E128C9E2F300335548 /* More */ = {
			isa = PBXGroup;
			children = (
				9F2EB1E228C9E30000335548 /* MoreView.swift */,
				9F2EB1E428C9E4C200335548 /* CubeRecipesListView.swift */,
			);
			path = More;
			sourceTree = "<group>";
		};
		9F7B8CC428DC48E90004A2BF /* RunewordsWidget */ = {
			isa = PBXGroup;
			children = (
				9F7B8CC528DC48E90004A2BF /* RunewordsWidget.swift */,
				9F7B8CC728DC48EB0004A2BF /* Assets.xcassets */,
				9F7B8CC928DC48EB0004A2BF /* Info.plist */,
			);
			path = RunewordsWidget;
			sourceTree = "<group>";
		};
		9FA71A1F28C71801003DF7E4 = {
			isa = PBXGroup;
			children = (
				9FA71A2A28C71801003DF7E4 /* RunewordsApp */,
				9F7B8CC428DC48E90004A2BF /* RunewordsWidget */,
				9FA71A5428C73E09003DF7E4 /* DesignSystem */,
				9FA71A3928C71E6E003DF7E4 /* RunesData */,
				9FA71A3D28C7319A003DF7E4 /* Stash */,
				9FA71A2928C71801003DF7E4 /* Products */,
				9FA71A3A28C72546003DF7E4 /* Frameworks */,
			);
			sourceTree = "<group>";
		};
		9FA71A2928C71801003DF7E4 /* Products */ = {
			isa = PBXGroup;
			children = (
				9FA71A2828C71801003DF7E4 /* RunewordsApp.app */,
				9F7B8CBF28DC48E90004A2BF /* RunewordsWidgetExtension.appex */,
			);
			name = Products;
			sourceTree = "<group>";
		};
		9FA71A2A28C71801003DF7E4 /* RunewordsApp */ = {
			isa = PBXGroup;
			children = (
				9FA71A4A28C73540003DF7E4 /* App */,
				9FA71A2F28C71803003DF7E4 /* Assets.xcassets */,
				9FA71A5328C73D96003DF7E4 /* Info.plist */,
				9F2EB1E128C9E2F300335548 /* More */,
				9FA71A3128C71803003DF7E4 /* Preview Content */,
				9FA71A4C28C73549003DF7E4 /* Runes */,
				9FA71A4B28C73545003DF7E4 /* Runewords */,
				9FA71A4928C7353C003DF7E4 /* Stash */,
			);
			path = RunewordsApp;
			sourceTree = "<group>";
		};
		9FA71A3128C71803003DF7E4 /* Preview Content */ = {
			isa = PBXGroup;
			children = (
				9FA71A3228C71803003DF7E4 /* Preview Assets.xcassets */,
			);
			path = "Preview Content";
			sourceTree = "<group>";
		};
		9FA71A3A28C72546003DF7E4 /* Frameworks */ = {
			isa = PBXGroup;
			children = (
				9F7B8CC028DC48E90004A2BF /* WidgetKit.framework */,
				9F7B8CC228DC48E90004A2BF /* SwiftUI.framework */,
			);
			name = Frameworks;
			sourceTree = "<group>";
		};
		9FA71A4928C7353C003DF7E4 /* Stash */ = {
			isa = PBXGroup;
			children = (
				9FA71A4528C73480003DF7E4 /* StashView.swift */,
			);
			path = Stash;
			sourceTree = "<group>";
		};
		9FA71A4A28C73540003DF7E4 /* App */ = {
			isa = PBXGroup;
			children = (
				9FA71A2B28C71801003DF7E4 /* RunewordsApp.swift */,
				9FA71A4328C73452003DF7E4 /* AppTabView.swift */,
				9FA71A4F28C73C13003DF7E4 /* Routeur.swift */,
			);
			path = App;
			sourceTree = "<group>";
		};
		9FA71A4B28C73545003DF7E4 /* Runewords */ = {
			isa = PBXGroup;
			children = (
				9FA71A4028C732B8003DF7E4 /* RunewordsListView.swift */,
				9FA71A5728C744C9003DF7E4 /* RunewordRowView.swift */,
				9FA71A5928C746BF003DF7E4 /* RunewordDetailView.swift */,
				9FA71A5B28C7539E003DF7E4 /* RunesStackView.swift */,
			);
			path = Runewords;
			sourceTree = "<group>";
		};
		9FA71A4C28C73549003DF7E4 /* Runes */ = {
			isa = PBXGroup;
			children = (
				9FA71A4728C7348F003DF7E4 /* RunesView.swift */,
				9FA71A4D28C73AAD003DF7E4 /* RuneDetailView.swift */,
				9F968F5B28C8794A0019D9F4 /* RuneRowView.swift */,
			);
			path = Runes;
			sourceTree = "<group>";
		};
/* End PBXGroup section */

/* Begin PBXNativeTarget section */
		9F7B8CBE28DC48E90004A2BF /* RunewordsWidgetExtension */ = {
			isa = PBXNativeTarget;
			buildConfigurationList = 9F7B8CD028DC48EB0004A2BF /* Build configuration list for PBXNativeTarget "RunewordsWidgetExtension" */;
			buildPhases = (
				9F7B8CBB28DC48E90004A2BF /* Sources */,
				9F7B8CBC28DC48E90004A2BF /* Frameworks */,
				9F7B8CBD28DC48E90004A2BF /* Resources */,
			);
			buildRules = (
			);
			dependencies = (
			);
			name = RunewordsWidgetExtension;
			packageProductDependencies = (
				9F7B8CD128DC4E290004A2BF /* DesignSystem */,
				9F7B8CD328DC4E290004A2BF /* RunesData */,
				9F7B8CD528DC4E290004A2BF /* Stash */,
			);
			productName = RunewordsWidgetExtension;
			productReference = 9F7B8CBF28DC48E90004A2BF /* RunewordsWidgetExtension.appex */;
			productType = "com.apple.product-type.app-extension";
		};
		9FA71A2728C71801003DF7E4 /* RunewordsApp */ = {
			isa = PBXNativeTarget;
			buildConfigurationList = 9FA71A3628C71803003DF7E4 /* Build configuration list for PBXNativeTarget "RunewordsApp" */;
			buildPhases = (
				9FA71A2428C71801003DF7E4 /* Sources */,
				9FA71A2528C71801003DF7E4 /* Frameworks */,
				9FA71A2628C71801003DF7E4 /* Resources */,
				9F7B8CCD28DC48EB0004A2BF /* Embed Foundation Extensions */,
			);
			buildRules = (
			);
			dependencies = (
				9F7B8CCB28DC48EB0004A2BF /* PBXTargetDependency */,
			);
			name = RunewordsApp;
			packageProductDependencies = (
				9FA71A3B28C72546003DF7E4 /* RunesData */,
				9FA71A3E28C73217003DF7E4 /* Stash */,
				9FA71A5528C73FAB003DF7E4 /* DesignSystem */,
			);
			productName = RunewordsApp;
			productReference = 9FA71A2828C71801003DF7E4 /* RunewordsApp.app */;
			productType = "com.apple.product-type.application";
		};
/* End PBXNativeTarget section */

/* Begin PBXProject section */
		9FA71A2028C71801003DF7E4 /* Project object */ = {
			isa = PBXProject;
			attributes = {
				BuildIndependentTargetsInParallel = 1;
				LastSwiftUpdateCheck = 1410;
				LastUpgradeCheck = 1400;
				TargetAttributes = {
					9F7B8CBE28DC48E90004A2BF = {
						CreatedOnToolsVersion = 14.1;
					};
					9FA71A2728C71801003DF7E4 = {
						CreatedOnToolsVersion = 14.0;
					};
				};
			};
			buildConfigurationList = 9FA71A2328C71801003DF7E4 /* Build configuration list for PBXProject "RunewordsApp" */;
			compatibilityVersion = "Xcode 14.0";
			developmentRegion = en;
			hasScannedForEncodings = 0;
			knownRegions = (
				en,
				Base,
			);
			mainGroup = 9FA71A1F28C71801003DF7E4;
			productRefGroup = 9FA71A2928C71801003DF7E4 /* Products */;
			projectDirPath = "";
			projectRoot = "";
			targets = (
				9FA71A2728C71801003DF7E4 /* RunewordsApp */,
				9F7B8CBE28DC48E90004A2BF /* RunewordsWidgetExtension */,
			);
		};
/* End PBXProject section */

/* Begin PBXResourcesBuildPhase section */
		9F7B8CBD28DC48E90004A2BF /* Resources */ = {
			isa = PBXResourcesBuildPhase;
			buildActionMask = 2147483647;
			files = (
				9F7B8CC828DC48EB0004A2BF /* Assets.xcassets in Resources */,
			);
			runOnlyForDeploymentPostprocessing = 0;
		};
		9FA71A2628C71801003DF7E4 /* Resources */ = {
			isa = PBXResourcesBuildPhase;
			buildActionMask = 2147483647;
			files = (
				9FA71A3328C71803003DF7E4 /* Preview Assets.xcassets in Resources */,
				9FA71A3028C71803003DF7E4 /* Assets.xcassets in Resources */,
			);
			runOnlyForDeploymentPostprocessing = 0;
		};
/* End PBXResourcesBuildPhase section */

/* Begin PBXSourcesBuildPhase section */
		9F7B8CBB28DC48E90004A2BF /* Sources */ = {
			isa = PBXSourcesBuildPhase;
			buildActionMask = 2147483647;
			files = (
				9F7B8CC628DC48E90004A2BF /* RunewordsWidget.swift in Sources */,
			);
			runOnlyForDeploymentPostprocessing = 0;
		};
		9FA71A2428C71801003DF7E4 /* Sources */ = {
			isa = PBXSourcesBuildPhase;
			buildActionMask = 2147483647;
			files = (
				9F968F5C28C8794A0019D9F4 /* RuneRowView.swift in Sources */,
				9FA71A5028C73C13003DF7E4 /* Routeur.swift in Sources */,
				9FA71A4628C73480003DF7E4 /* StashView.swift in Sources */,
				9F2EB1E528C9E4C200335548 /* CubeRecipesListView.swift in Sources */,
				9FA71A5A28C746BF003DF7E4 /* RunewordDetailView.swift in Sources */,
				9FA71A5828C744C9003DF7E4 /* RunewordRowView.swift in Sources */,
				9FA71A4428C73452003DF7E4 /* AppTabView.swift in Sources */,
				9FA71A2C28C71801003DF7E4 /* RunewordsApp.swift in Sources */,
				9F2EB1E328C9E30000335548 /* MoreView.swift in Sources */,
				9FA71A4828C7348F003DF7E4 /* RunesView.swift in Sources */,
				9FA71A4E28C73AAD003DF7E4 /* RuneDetailView.swift in Sources */,
				9FA71A5C28C7539E003DF7E4 /* RunesStackView.swift in Sources */,
				9FA71A4128C732B8003DF7E4 /* RunewordsListView.swift in Sources */,
			);
			runOnlyForDeploymentPostprocessing = 0;
		};
/* End PBXSourcesBuildPhase section */

/* Begin PBXTargetDependency section */
		9F7B8CCB28DC48EB0004A2BF /* PBXTargetDependency */ = {
			isa = PBXTargetDependency;
			target = 9F7B8CBE28DC48E90004A2BF /* RunewordsWidgetExtension */;
			targetProxy = 9F7B8CCA28DC48EB0004A2BF /* PBXContainerItemProxy */;
		};
/* End PBXTargetDependency section */

/* Begin XCBuildConfiguration section */
		9F7B8CCE28DC48EB0004A2BF /* Debug */ = {
			isa = XCBuildConfiguration;
			buildSettings = {
				ASSETCATALOG_COMPILER_GLOBAL_ACCENT_COLOR_NAME = AccentColor;
				ASSETCATALOG_COMPILER_WIDGET_BACKGROUND_COLOR_NAME = WidgetBackground;
				CODE_SIGN_STYLE = Automatic;
				CURRENT_PROJECT_VERSION = 1;
				DEVELOPMENT_TEAM = Z6P74P6T99;
				GENERATE_INFOPLIST_FILE = YES;
				INFOPLIST_FILE = RunewordsWidget/Info.plist;
				INFOPLIST_KEY_CFBundleDisplayName = RunewordsWidget;
				INFOPLIST_KEY_NSHumanReadableCopyright = "";
				IPHONEOS_DEPLOYMENT_TARGET = 16.1;
				LD_RUNPATH_SEARCH_PATHS = (
					"$(inherited)",
					"@executable_path/Frameworks",
					"@executable_path/../../Frameworks",
				);
				MARKETING_VERSION = 1.0;
				PRODUCT_BUNDLE_IDENTIFIER = com.diablo.runewordapp.RunewordsWidget;
				PRODUCT_NAME = "$(TARGET_NAME)";
				SKIP_INSTALL = YES;
				SWIFT_EMIT_LOC_STRINGS = YES;
				SWIFT_VERSION = 5.0;
				TARGETED_DEVICE_FAMILY = "1,2";
			};
			name = Debug;
		};
		9F7B8CCF28DC48EB0004A2BF /* Release */ = {
			isa = XCBuildConfiguration;
			buildSettings = {
				ASSETCATALOG_COMPILER_GLOBAL_ACCENT_COLOR_NAME = AccentColor;
				ASSETCATALOG_COMPILER_WIDGET_BACKGROUND_COLOR_NAME = WidgetBackground;
				CODE_SIGN_STYLE = Automatic;
				CURRENT_PROJECT_VERSION = 1;
				DEVELOPMENT_TEAM = Z6P74P6T99;
				GENERATE_INFOPLIST_FILE = YES;
				INFOPLIST_FILE = RunewordsWidget/Info.plist;
				INFOPLIST_KEY_CFBundleDisplayName = RunewordsWidget;
				INFOPLIST_KEY_NSHumanReadableCopyright = "";
				IPHONEOS_DEPLOYMENT_TARGET = 16.1;
				LD_RUNPATH_SEARCH_PATHS = (
					"$(inherited)",
					"@executable_path/Frameworks",
					"@executable_path/../../Frameworks",
				);
				MARKETING_VERSION = 1.0;
				PRODUCT_BUNDLE_IDENTIFIER = com.diablo.runewordapp.RunewordsWidget;
				PRODUCT_NAME = "$(TARGET_NAME)";
				SKIP_INSTALL = YES;
				SWIFT_EMIT_LOC_STRINGS = YES;
				SWIFT_VERSION = 5.0;
				TARGETED_DEVICE_FAMILY = "1,2";
			};
			name = Release;
		};
		9FA71A3428C71803003DF7E4 /* Debug */ = {
			isa = XCBuildConfiguration;
			buildSettings = {
				ALWAYS_SEARCH_USER_PATHS = NO;
				CLANG_ANALYZER_NONNULL = YES;
				CLANG_ANALYZER_NUMBER_OBJECT_CONVERSION = YES_AGGRESSIVE;
				CLANG_CXX_LANGUAGE_STANDARD = "gnu++20";
				CLANG_ENABLE_MODULES = YES;
				CLANG_ENABLE_OBJC_ARC = YES;
				CLANG_ENABLE_OBJC_WEAK = YES;
				CLANG_WARN_BLOCK_CAPTURE_AUTORELEASING = YES;
				CLANG_WARN_BOOL_CONVERSION = YES;
				CLANG_WARN_COMMA = YES;
				CLANG_WARN_CONSTANT_CONVERSION = YES;
				CLANG_WARN_DEPRECATED_OBJC_IMPLEMENTATIONS = YES;
				CLANG_WARN_DIRECT_OBJC_ISA_USAGE = YES_ERROR;
				CLANG_WARN_DOCUMENTATION_COMMENTS = YES;
				CLANG_WARN_EMPTY_BODY = YES;
				CLANG_WARN_ENUM_CONVERSION = YES;
				CLANG_WARN_INFINITE_RECURSION = YES;
				CLANG_WARN_INT_CONVERSION = YES;
				CLANG_WARN_NON_LITERAL_NULL_CONVERSION = YES;
				CLANG_WARN_OBJC_IMPLICIT_RETAIN_SELF = YES;
				CLANG_WARN_OBJC_LITERAL_CONVERSION = YES;
				CLANG_WARN_OBJC_ROOT_CLASS = YES_ERROR;
				CLANG_WARN_QUOTED_INCLUDE_IN_FRAMEWORK_HEADER = YES;
				CLANG_WARN_RANGE_LOOP_ANALYSIS = YES;
				CLANG_WARN_STRICT_PROTOTYPES = YES;
				CLANG_WARN_SUSPICIOUS_MOVE = YES;
				CLANG_WARN_UNGUARDED_AVAILABILITY = YES_AGGRESSIVE;
				CLANG_WARN_UNREACHABLE_CODE = YES;
				CLANG_WARN__DUPLICATE_METHOD_MATCH = YES;
				COPY_PHASE_STRIP = NO;
				DEBUG_INFORMATION_FORMAT = dwarf;
				ENABLE_STRICT_OBJC_MSGSEND = YES;
				ENABLE_TESTABILITY = YES;
				GCC_C_LANGUAGE_STANDARD = gnu11;
				GCC_DYNAMIC_NO_PIC = NO;
				GCC_NO_COMMON_BLOCKS = YES;
				GCC_OPTIMIZATION_LEVEL = 0;
				GCC_PREPROCESSOR_DEFINITIONS = (
					"DEBUG=1",
					"$(inherited)",
				);
				GCC_WARN_64_TO_32_BIT_CONVERSION = YES;
				GCC_WARN_ABOUT_RETURN_TYPE = YES_ERROR;
				GCC_WARN_UNDECLARED_SELECTOR = YES;
				GCC_WARN_UNINITIALIZED_AUTOS = YES_AGGRESSIVE;
				GCC_WARN_UNUSED_FUNCTION = YES;
				GCC_WARN_UNUSED_VARIABLE = YES;
				IPHONEOS_DEPLOYMENT_TARGET = 16.0;
				MTL_ENABLE_DEBUG_INFO = INCLUDE_SOURCE;
				MTL_FAST_MATH = YES;
				ONLY_ACTIVE_ARCH = YES;
				SDKROOT = iphoneos;
				SWIFT_ACTIVE_COMPILATION_CONDITIONS = DEBUG;
				SWIFT_OPTIMIZATION_LEVEL = "-Onone";
			};
			name = Debug;
		};
		9FA71A3528C71803003DF7E4 /* Release */ = {
			isa = XCBuildConfiguration;
			buildSettings = {
				ALWAYS_SEARCH_USER_PATHS = NO;
				CLANG_ANALYZER_NONNULL = YES;
				CLANG_ANALYZER_NUMBER_OBJECT_CONVERSION = YES_AGGRESSIVE;
				CLANG_CXX_LANGUAGE_STANDARD = "gnu++20";
				CLANG_ENABLE_MODULES = YES;
				CLANG_ENABLE_OBJC_ARC = YES;
				CLANG_ENABLE_OBJC_WEAK = YES;
				CLANG_WARN_BLOCK_CAPTURE_AUTORELEASING = YES;
				CLANG_WARN_BOOL_CONVERSION = YES;
				CLANG_WARN_COMMA = YES;
				CLANG_WARN_CONSTANT_CONVERSION = YES;
				CLANG_WARN_DEPRECATED_OBJC_IMPLEMENTATIONS = YES;
				CLANG_WARN_DIRECT_OBJC_ISA_USAGE = YES_ERROR;
				CLANG_WARN_DOCUMENTATION_COMMENTS = YES;
				CLANG_WARN_EMPTY_BODY = YES;
				CLANG_WARN_ENUM_CONVERSION = YES;
				CLANG_WARN_INFINITE_RECURSION = YES;
				CLANG_WARN_INT_CONVERSION = YES;
				CLANG_WARN_NON_LITERAL_NULL_CONVERSION = YES;
				CLANG_WARN_OBJC_IMPLICIT_RETAIN_SELF = YES;
				CLANG_WARN_OBJC_LITERAL_CONVERSION = YES;
				CLANG_WARN_OBJC_ROOT_CLASS = YES_ERROR;
				CLANG_WARN_QUOTED_INCLUDE_IN_FRAMEWORK_HEADER = YES;
				CLANG_WARN_RANGE_LOOP_ANALYSIS = YES;
				CLANG_WARN_STRICT_PROTOTYPES = YES;
				CLANG_WARN_SUSPICIOUS_MOVE = YES;
				CLANG_WARN_UNGUARDED_AVAILABILITY = YES_AGGRESSIVE;
				CLANG_WARN_UNREACHABLE_CODE = YES;
				CLANG_WARN__DUPLICATE_METHOD_MATCH = YES;
				COPY_PHASE_STRIP = NO;
				DEBUG_INFORMATION_FORMAT = "dwarf-with-dsym";
				ENABLE_NS_ASSERTIONS = NO;
				ENABLE_STRICT_OBJC_MSGSEND = YES;
				GCC_C_LANGUAGE_STANDARD = gnu11;
				GCC_NO_COMMON_BLOCKS = YES;
				GCC_WARN_64_TO_32_BIT_CONVERSION = YES;
				GCC_WARN_ABOUT_RETURN_TYPE = YES_ERROR;
				GCC_WARN_UNDECLARED_SELECTOR = YES;
				GCC_WARN_UNINITIALIZED_AUTOS = YES_AGGRESSIVE;
				GCC_WARN_UNUSED_FUNCTION = YES;
				GCC_WARN_UNUSED_VARIABLE = YES;
				IPHONEOS_DEPLOYMENT_TARGET = 16.0;
				MTL_ENABLE_DEBUG_INFO = NO;
				MTL_FAST_MATH = YES;
				SDKROOT = iphoneos;
				SWIFT_COMPILATION_MODE = wholemodule;
				SWIFT_OPTIMIZATION_LEVEL = "-O";
				VALIDATE_PRODUCT = YES;
			};
			name = Release;
		};
		9FA71A3728C71803003DF7E4 /* Debug */ = {
			isa = XCBuildConfiguration;
			buildSettings = {
				ALWAYS_EMBED_SWIFT_STANDARD_LIBRARIES = YES;
				ASSETCATALOG_COMPILER_APPICON_NAME = AppIcon;
				ASSETCATALOG_COMPILER_GLOBAL_ACCENT_COLOR_NAME = AccentColor;
				CODE_SIGN_STYLE = Automatic;
				CURRENT_PROJECT_VERSION = 1;
				DEVELOPMENT_ASSET_PATHS = "\"RunewordsApp/Preview Content\"";
				DEVELOPMENT_TEAM = Z6P74P6T99;
				ENABLE_PREVIEWS = YES;
				GENERATE_INFOPLIST_FILE = YES;
				INFOPLIST_FILE = RunewordsApp/Info.plist;
				INFOPLIST_KEY_NSSupportsLiveActivities = YES;
				INFOPLIST_KEY_UIApplicationSceneManifest_Generation = YES;
				INFOPLIST_KEY_UIApplicationSupportsIndirectInputEvents = YES;
				INFOPLIST_KEY_UILaunchScreen_Generation = YES;
				INFOPLIST_KEY_UISupportedInterfaceOrientations_iPad = "UIInterfaceOrientationPortrait UIInterfaceOrientationPortraitUpsideDown UIInterfaceOrientationLandscapeLeft UIInterfaceOrientationLandscapeRight";
				INFOPLIST_KEY_UISupportedInterfaceOrientations_iPhone = "UIInterfaceOrientationPortrait UIInterfaceOrientationLandscapeLeft UIInterfaceOrientationLandscapeRight";
				LD_RUNPATH_SEARCH_PATHS = (
					"$(inherited)",
					"@executable_path/Frameworks",
				);
				MARKETING_VERSION = 1.0;
				PRODUCT_BUNDLE_IDENTIFIER = com.diablo.runewordapp;
				PRODUCT_NAME = "$(TARGET_NAME)";
				SWIFT_EMIT_LOC_STRINGS = YES;
				SWIFT_VERSION = 5.0;
				TARGETED_DEVICE_FAMILY = "1,2";
			};
			name = Debug;
		};
		9FA71A3828C71803003DF7E4 /* Release */ = {
			isa = XCBuildConfiguration;
			buildSettings = {
				ALWAYS_EMBED_SWIFT_STANDARD_LIBRARIES = YES;
				ASSETCATALOG_COMPILER_APPICON_NAME = AppIcon;
				ASSETCATALOG_COMPILER_GLOBAL_ACCENT_COLOR_NAME = AccentColor;
				CODE_SIGN_STYLE = Automatic;
				CURRENT_PROJECT_VERSION = 1;
				DEVELOPMENT_ASSET_PATHS = "\"RunewordsApp/Preview Content\"";
				DEVELOPMENT_TEAM = Z6P74P6T99;
				ENABLE_PREVIEWS = YES;
				GENERATE_INFOPLIST_FILE = YES;
				INFOPLIST_FILE = RunewordsApp/Info.plist;
				INFOPLIST_KEY_NSSupportsLiveActivities = YES;
				INFOPLIST_KEY_UIApplicationSceneManifest_Generation = YES;
				INFOPLIST_KEY_UIApplicationSupportsIndirectInputEvents = YES;
				INFOPLIST_KEY_UILaunchScreen_Generation = YES;
				INFOPLIST_KEY_UISupportedInterfaceOrientations_iPad = "UIInterfaceOrientationPortrait UIInterfaceOrientationPortraitUpsideDown UIInterfaceOrientationLandscapeLeft UIInterfaceOrientationLandscapeRight";
				INFOPLIST_KEY_UISupportedInterfaceOrientations_iPhone = "UIInterfaceOrientationPortrait UIInterfaceOrientationLandscapeLeft UIInterfaceOrientationLandscapeRight";
				LD_RUNPATH_SEARCH_PATHS = (
					"$(inherited)",
					"@executable_path/Frameworks",
				);
				MARKETING_VERSION = 1.0;
				PRODUCT_BUNDLE_IDENTIFIER = com.diablo.runewordapp;
				PRODUCT_NAME = "$(TARGET_NAME)";
				SWIFT_EMIT_LOC_STRINGS = YES;
				SWIFT_VERSION = 5.0;
				TARGETED_DEVICE_FAMILY = "1,2";
			};
			name = Release;
		};
/* End XCBuildConfiguration section */

/* Begin XCConfigurationList section */
		9F7B8CD028DC48EB0004A2BF /* Build configuration list for PBXNativeTarget "RunewordsWidgetExtension" */ = {
			isa = XCConfigurationList;
			buildConfigurations = (
				9F7B8CCE28DC48EB0004A2BF /* Debug */,
				9F7B8CCF28DC48EB0004A2BF /* Release */,
			);
			defaultConfigurationIsVisible = 0;
			defaultConfigurationName = Release;
		};
		9FA71A2328C71801003DF7E4 /* Build configuration list for PBXProject "RunewordsApp" */ = {
			isa = XCConfigurationList;
			buildConfigurations = (
				9FA71A3428C71803003DF7E4 /* Debug */,
				9FA71A3528C71803003DF7E4 /* Release */,
			);
			defaultConfigurationIsVisible = 0;
			defaultConfigurationName = Release;
		};
		9FA71A3628C71803003DF7E4 /* Build configuration list for PBXNativeTarget "RunewordsApp" */ = {
			isa = XCConfigurationList;
			buildConfigurations = (
				9FA71A3728C71803003DF7E4 /* Debug */,
				9FA71A3828C71803003DF7E4 /* Release */,
			);
			defaultConfigurationIsVisible = 0;
			defaultConfigurationName = Release;
		};
/* End XCConfigurationList section */

/* Begin XCSwiftPackageProductDependency section */
		9F7B8CD128DC4E290004A2BF /* DesignSystem */ = {
			isa = XCSwiftPackageProductDependency;
			productName = DesignSystem;
		};
		9F7B8CD328DC4E290004A2BF /* RunesData */ = {
			isa = XCSwiftPackageProductDependency;
			productName = RunesData;
		};
		9F7B8CD528DC4E290004A2BF /* Stash */ = {
			isa = XCSwiftPackageProductDependency;
			productName = Stash;
		};
		9FA71A3B28C72546003DF7E4 /* RunesData */ = {
			isa = XCSwiftPackageProductDependency;
			productName = RunesData;
		};
		9FA71A3E28C73217003DF7E4 /* Stash */ = {
			isa = XCSwiftPackageProductDependency;
			productName = Stash;
		};
		9FA71A5528C73FAB003DF7E4 /* DesignSystem */ = {
			isa = XCSwiftPackageProductDependency;
			productName = DesignSystem;
		};
/* End XCSwiftPackageProductDependency section */
	};
	rootObject = 9FA71A2028C71801003DF7E4 /* Project object */;
}
